
Microsoft Visual Studio Solution File, Format Version 12.00
# Visual Studio 15
VisualStudioVersion = 15.0.27703.2018
MinimumVisualStudioVersion = 10.0.40219.1
Project("{8BC9CEB8-8B4A-11D0-8D11-00A0C91BC942}") = "PCLPractice", "PCLPractice\PCLPractice.vcxproj", "{F72A623B-12C3-4D48-807C-0EA11B0522BA}"
EndProject
Project("{8BC9CEB8-8B4A-11D0-8D11-00A0C91BC942}") = "DownsamplingSample", "DownsamplingSample\DownsamplingSample.vcxproj", "{3C2B8CB6-40A6-4B70-A4A5-8E3FFD03D80C}"
EndProject
Project("{8BC9CEB8-8B4A-11D0-8D11-00A0C91BC942}") = "EstimatingNormalSample", "EstimatingNormalSample\EstimatingNormalSample.vcxproj", "{3F616DA8-B289-4F1B-A565-3D78645C7C61}"
EndProject
Global
	GlobalSection(SolutionConfigurationPlatforms) = preSolution
		Debug|x64 = Debug|x64
		Debug|x86 = Debug|x86
		Release|x64 = Release|x64
		Release|x86 = Release|x86
	EndGlobalSection
	GlobalSection(ProjectConfigurationPlatforms) = postSolution
		{F72A623B-12C3-4D48-807C-0EA11B0522BA}.Debug|x64.ActiveCfg = Debug|x64
		{F72A623B-12C3-4D48-807C-0EA11B0522BA}.Debug|x64.Build.0 = Debug|x64
		{F72A623B-12C3-4D48-807C-0EA11B0522BA}.Debug|x86.ActiveCfg = Debug|Win32
		{F72A623B-12C3-4D48-807C-0EA11B0522BA}.Debug|x86.Build.0 = Debug|Win32
		{F72A623B-12C3-4D48-807C-0EA11B0522BA}.Release|x64.ActiveCfg = Release|x64
		{F72A623B-12C3-4D48-807C-0EA11B0522BA}.Release|x64.Build.0 = Release|x64
		{F72A623B-12C3-4D48-807C-0EA11B0522BA}.Release|x86.ActiveCfg = Release|Win32
		{F72A623B-12C3-4D48-807C-0EA11B0522BA}.Release|x86.Build.0 = Release|Win32
		{3C2B8CB6-40A6-4B70-A4A5-8E3FFD03D80C}.Debug|x64.ActiveCfg = Debug|x64
		{3C2B8CB6-40A6-4B70-A4A5-8E3FFD03D80C}.Debug|x64.Build.0 = Debug|x64
		{3C2B8CB6-40A6-4B70-A4A5-8E3FFD03D80C}.Debug|x86.ActiveCfg = Debug|Win32
		{3C2B8CB6-40A6-4B70-A4A5-8E3FFD03D80C}.Debug|x86.Build.0 = Debug|Win32
		{3C2B8CB6-40A6-4B70-A4A5-8E3FFD03D80C}.Release|x64.ActiveCfg = Release|x64
		{3C2B8CB6-40A6-4B70-A4A5-8E3FFD03D80C}.Release|x64.Build.0 = Release|x64
		{3C2B8CB6-40A6-4B70-A4A5-8E3FFD03D80C}.Release|x86.ActiveCfg = Release|Win32
		{3C2B8CB6-40A6-4B70-A4A5-8E3FFD03D80C}.Release|x86.Build.0 = Release|Win32
		{3F616DA8-B289-4F1B-A565-3D78645C7C61}.Debug|x64.ActiveCfg = Debug|x64
		{3F616DA8-B289-4F1B-A565-3D78645C7C61}.Debug|x64.Build.0 = Debug|x64
		{3F616DA8-B289-4F1B-A565-3D78645C7C61}.Debug|x86.ActiveCfg = Debug|Win32
		{3F616DA8-B289-4F1B-A565-3D78645C7C61}.Debug|x86.Build.0 = Debug|Win32
		{3F616DA8-B289-4F1B-A565-3D78645C7C61}.Release|x64.ActiveCfg = Release|x64
		{3F616DA8-B289-4F1B-A565-3D78645C7C61}.Release|x64.Build.0 = Release|x64
		{3F616DA8-B289-4F1B-A565-3D78645C7C61}.Release|x86.ActiveCfg = Release|Win32
		{3F616DA8-B289-4F1B-A565-3D78645C7C61}.Release|x86.Build.0 = Release|Win32
	EndGlobalSection
	GlobalSection(SolutionProperties) = preSolution
		HideSolutionNode = FALSE
	EndGlobalSection
	GlobalSection(ExtensibilityGlobals) = postSolution
		SolutionGuid = {FFDDA3AD-6AE5-4247-B99B-D4197754D824}
	EndGlobalSection
EndGlobal
