<?xml version="1.0" encoding="utf-8"?>
<Project ToolsVersion="4.0" xmlns="http://schemas.microsoft.com/developer/msbuild/2003">
  <ItemGroup>
    <Filter Include="ソース ファイル">
      <UniqueIdentifier>{4FC737F1-C7A5-4376-A066-2A32D752A2FF}</UniqueIdentifier>
      <Extensions>cpp;c;cc;cxx;def;odl;idl;hpj;bat;asm;asmx</Extensions>
    </Filter>
    <Filter Include="ヘッダー ファイル">
      <UniqueIdentifier>{93995380-89BD-4b04-88EB-625FBE52EBFB}</UniqueIdentifier>
      <Extensions>h;hh;hpp;hxx;hm;inl;inc;ipp;xsd</Extensions>
    </Filter>
    <Filter Include="リソース ファイル">
      <UniqueIdentifier>{67DA6AB6-F800-4c08-8B7A-83BB121AAD01}</UniqueIdentifier>
      <Extensions>rc;ico;cur;bmp;dlg;rc2;rct;bin;rgs;gif;jpg;jpeg;jpe;resx;tiff;tif;png;wav;mfcribbon-ms</Extensions>
    </Filter>
    <Filter Include="ソース ファイル\PCLWrapper">
      <UniqueIdentifier>{ad221080-8f7d-4b16-b225-b2052851b02c}</UniqueIdentifier>
    </Filter>
    <Filter Include="ソース ファイル\PCLWrapper\Source">
      <UniqueIdentifier>{338f7e7a-ee4f-4f79-ad11-cb40d4ad296d}</UniqueIdentifier>
    </Filter>
    <Filter Include="ソース ファイル\PCLWrapper\Header">
      <UniqueIdentifier>{c3327a6e-968b-4da2-924f-2abf7b4d5bb3}</UniqueIdentifier>
    </Filter>
  </ItemGroup>
  <ItemGroup>
    <ClCompile Include="pcl_functions.cpp">
      <Filter>ソース ファイル</Filter>
    </ClCompile>
    <ClCompile Include="realsense_manager.cpp">
      <Filter>ソース ファイル</Filter>
    </ClCompile>
    <ClCompile Include="main.cpp">
      <Filter>ソース ファイル</Filter>
    </ClCompile>
    <ClCompile Include="PCLWrapper\PWCRSStreamerLib1121.cpp">
      <Filter>ソース ファイル\PCLWrapper\Source</Filter>
    </ClCompile>
    <ClCompile Include="PCLWrapper\PWCRSStreamerLib2.cpp">
      <Filter>ソース ファイル\PCLWrapper\Source</Filter>
    </ClCompile>
    <ClCompile Include="PCLWrapper\PWUColor.cpp">
      <Filter>ソース ファイル\PCLWrapper\Source</Filter>
    </ClCompile>
  </ItemGroup>
  <ItemGroup>
    <ClInclude Include="pcl_functions.h">
      <Filter>ヘッダー ファイル</Filter>
    </ClInclude>
    <ClInclude Include="realsense_manager.h">
      <Filter>ヘッダー ファイル</Filter>
    </ClInclude>
    <ClInclude Include="PCLWrapper\PWCVisualizer.h">
      <Filter>ソース ファイル\PCLWrapper\Header</Filter>
    </ClInclude>
    <ClInclude Include="PCLWrapper\PWCRSStreamerLib1121.h">
      <Filter>ソース ファイル\PCLWrapper\Header</Filter>
    </ClInclude>
    <ClInclude Include="PCLWrapper\PWIRSStreamer.h">
      <Filter>ソース ファイル\PCLWrapper\Header</Filter>
    </ClInclude>
    <ClInclude Include="PCLWrapper\PWCRSStreamerLib2.h">
      <Filter>ソース ファイル\PCLWrapper\Header</Filter>
    </ClInclude>
    <ClInclude Include="PCLWrapper\PWUColor.h">
      <Filter>ソース ファイル\PCLWrapper\Header</Filter>
    </ClInclude>
  </ItemGroup>
</Project>